{
  "name": "worker",
  "version": "1.0.0",
  "lockfileVersion": 1,
  "requires": true,
  "dependencies": {
    "base64-js": {
      "version": "1.3.1",
      "resolved": "https://registry.npmjs.org/base64-js/-/base64-js-1.3.1.tgz",
      "integrity": "sha512-mLQ4i2QO1ytvGWFWmcngKO//JXAQueZvwEKtjgQFM4jIK0kU+ytMfplL8j+n5mspOfjHwoAg+9yhb7BwAHm36g=="
    },
    "base64url": {
      "version": "3.0.1",
      "resolved": "https://registry.npmjs.org/base64url/-/base64url-3.0.1.tgz",
      "integrity": "sha512-ir1UPr3dkwexU7FdV8qBBbNDRUhMmIekYMFZfi+C/sLNnRESKPl23nB9b2pltqfOQNnGzsDdId90AEtG5tCx4A=="
    },
    "blakejs": {
      "version": "1.1.0",
      "resolved": "https://registry.npmjs.org/blakejs/-/blakejs-1.1.0.tgz",
      "integrity": "sha1-ad+S75U6qIylGjLfarHFShVfx6U="
    },
    "browserify-zlib": {
      "version": "0.2.0",
      "resolved": "https://registry.npmjs.org/browserify-zlib/-/browserify-zlib-0.2.0.tgz",
      "integrity": "sha512-Z942RysHXmJrhqk88FmKBVq/v5tqmSkDz7p54G/MGyjMnCFFnC79XWNbg+Vta8W6Wb2qtSZTSxIGkJrRpCFEiA==",
      "requires": {
        "pako": "~1.0.5"
      }
    },
    "buffer": {
      "version": "5.5.0",
      "resolved": "https://registry.npmjs.org/buffer/-/buffer-5.5.0.tgz",
      "integrity": "sha512-9FTEDjLjwoAkEwyMGDjYJQN2gfRgOKBKRfiglhvibGbpeeU/pQn1bJxQqm32OD/AIeEuHxU9roxXxg34Byp/Ww==",
      "requires": {
        "base64-js": "^1.0.2",
        "ieee754": "^1.1.4"
      }
    },
    "cookie": {
      "version": "0.4.0",
      "resolved": "https://registry.npmjs.org/cookie/-/cookie-0.4.0.tgz",
      "integrity": "sha512-+Hp8fLp57wnUSt0tY0tHEXh4voZRDnoIrZPqlo3DPiI4y9lwg/jqx+1Om94/W6ZaPDOUbnjOt/99w66zk+l1Xg=="
    },
    "es6-promise": {
      "version": "4.2.8",
      "resolved": "https://registry.npmjs.org/es6-promise/-/es6-promise-4.2.8.tgz",
      "integrity": "sha512-HJDGx5daxeIvxdBxvG2cb9g4tEvwIk3i8+nhX0yGrYmZUzbkdg8QbDevheDB8gd0//uPj4c1EQua8Q+MViT0/w=="
    },
    "ieee754": {
      "version": "1.1.13",
      "resolved": "https://registry.npmjs.org/ieee754/-/ieee754-1.1.13.tgz",
      "integrity": "sha512-4vf7I2LYV/HaWerSo3XmlMkp5eZ83i+/CDluXi/IGTs/O1sejBNhTtnxzmRZfvOUqj7lZjqHkeTvpgSFDlWZTg=="
    },
    "lodash": {
      "version": "4.17.21",
      "resolved": "https://registry.npmjs.org/lodash/-/lodash-4.17.21.tgz",
      "integrity": "sha512-v2kDEe57lecTulaDIuNTPy3Ry4gLGJ6Z1O3vE1krgXZNrsQ+LFTGHVxVjcXPs17LhbZVGedAJv8XZ1tvj5FvSg=="
    },
    "long": {
      "version": "4.0.0",
      "resolved": "https://registry.npmjs.org/long/-/long-4.0.0.tgz",
      "integrity": "sha512-XsP+KhQif4bjX1kbuSiySJFNAehNxgLb6hPRGJ9QsUr8ajHkuXGdrHmFUTUUXhDwVX2R5bY4JNZEwbUiMhV+MA=="
    },
    "node-forge": {
      "version": "0.8.5",
      "resolved": "https://registry.npmjs.org/node-forge/-/node-forge-0.8.5.tgz",
      "integrity": "sha512-vFMQIWt+J/7FLNyKouZ9TazT74PRV3wgv9UT4cRjC8BffxFbKXkgIWR42URCPSnHm/QDz6BOlb2Q0U4+VQT67Q=="
    },
    "node-jose": {
      "version": "1.1.4",
      "resolved": "https://registry.npmjs.org/node-jose/-/node-jose-1.1.4.tgz",
      "integrity": "sha512-L31IFwL3pWWcMHxxidCY51ezqrDXMkvlT/5pLTfNw5sXmmOLJuN6ug7txzF/iuZN55cRpyOmoJrotwBQIoo5Lw==",
      "requires": {
        "base64url": "^3.0.1",
        "browserify-zlib": "^0.2.0",
        "buffer": "^5.5.0",
        "es6-promise": "^4.2.8",
        "lodash": "^4.17.15",
        "long": "^4.0.0",
        "node-forge": "^0.8.5",
        "process": "^0.11.10",
        "react-zlib-js": "^1.0.4",
        "uuid": "^3.3.3"
      }
    },
    "pako": {
      "version": "1.0.11",
      "resolved": "https://registry.npmjs.org/pako/-/pako-1.0.11.tgz",
      "integrity": "sha512-4hLB8Py4zZce5s4yd9XzopqwVv/yGNhV1Bl8NTmCq1763HeK2+EwVTv+leGeL13Dnh2wfbqowVPXCIO0z4taYw=="
    },
    "process": {
      "version": "0.11.10",
      "resolved": "https://registry.npmjs.org/process/-/process-0.11.10.tgz",
      "integrity": "sha1-czIwDoQBYb2j5podHZGn1LwW8YI="
    },
    "react-zlib-js": {
      "version": "1.0.4",
      "resolved": "https://registry.npmjs.org/react-zlib-js/-/react-zlib-js-1.0.4.tgz",
      "integrity": "sha512-ynXD9DFxpE7vtGoa3ZwBtPmZrkZYw2plzHGbanUjBOSN4RtuXdektSfABykHtTiWEHMh7WdYj45LHtp228ZF1A=="
    },
    "tweetnacl": {
      "version": "1.0.3",
      "resolved": "https://registry.npmjs.org/tweetnacl/-/tweetnacl-1.0.3.tgz",
      "integrity": "sha512-6rt+RN7aOi1nGMyC4Xa5DdYiukl2UWCbcJft7YhxReBGQD7OAM8Pbxw6YMo4r2diNEA8FEmu32YOn9rhaiE5yw=="
    },
    "tweetsodium": {
      "version": "0.0.4",
      "resolved": "https://registry.npmjs.org/tweetsodium/-/tweetsodium-0.0.4.tgz",
      "integrity": "sha512-nTYzcaSmpd2vcfI8DriuO01l+jIF8TmjNxjFPRyJkdzi5IdJbUstT3G1rk8V9YkzrucNSWoSrA9Z5Yp3RW2cgw==",
      "requires": {
        "blakejs": "^1.1.0",
        "tweetnacl": "^1.0.1"
      }
    },
    "uuid": {
      "version": "3.4.0",
      "resolved": "https://registry.npmjs.org/uuid/-/uuid-3.4.0.tgz",
      "integrity": "sha512-HjSDRw6gZE5JMggctHBcjVak08+KEVhSIiDzFnT9S9aegmp85S/bReBVTb4QTFaRNptJ9kuYaNhnbNEOkbKb/A=="
    }
  }
}
